
Microsoft Visual Studio Solution File, Format Version 12.00
Project("{FAE04EC0-301F-11D3-BF4B-00C04F79EFBC}") = "Presentation", "back\Presentation\Presentation.csproj", "{B95A050E-C9D9-41C1-870F-E64450CF7AB6}"
EndProject
Project("{FAE04EC0-301F-11D3-BF4B-00C04F79EFBC}") = "EventBusHandler", "back\EventBusHandler\EventBusHandler.csproj", "{D682194F-6D41-40A8-82F6-FABA6336577B}"
EndProject
Global
	GlobalSection(SolutionConfigurationPlatforms) = preSolution
		Debug|Any CPU = Debug|Any CPU
		Release|Any CPU = Release|Any CPU
	EndGlobalSection
	GlobalSection(ProjectConfigurationPlatforms) = postSolution
		{B95A050E-C9D9-41C1-870F-E64450CF7AB6}.Debug|Any CPU.ActiveCfg = Debug|Any CPU
		{B95A050E-C9D9-41C1-870F-E64450CF7AB6}.Debug|Any CPU.Build.0 = Debug|Any CPU
		{B95A050E-C9D9-41C1-870F-E64450CF7AB6}.Release|Any CPU.ActiveCfg = Release|Any CPU
		{B95A050E-C9D9-41C1-870F-E64450CF7AB6}.Release|Any CPU.Build.0 = Release|Any CPU
		{D682194F-6D41-40A8-82F6-FABA6336577B}.Debug|Any CPU.ActiveCfg = Debug|Any CPU
		{D682194F-6D41-40A8-82F6-FABA6336577B}.Debug|Any CPU.Build.0 = Debug|Any CPU
		{D682194F-6D41-40A8-82F6-FABA6336577B}.Release|Any CPU.ActiveCfg = Release|Any CPU
		{D682194F-6D41-40A8-82F6-FABA6336577B}.Release|Any CPU.Build.0 = Release|Any CPU
	EndGlobalSection
EndGlobal
